// !$*UTF8*$!
{
	archiveVersion = 1;
	classes = {
	};
	objectVersion = 50;
	objects = {

/* Begin PBXBuildFile section */
		7B0E638B237E4759007DF022 /* AppDelegate.swift in Sources */ = {isa = PBXBuildFile; fileRef = 7B0E638A237E4759007DF022 /* AppDelegate.swift */; };
		7B0E638D237E4759007DF022 /* SceneDelegate.swift in Sources */ = {isa = PBXBuildFile; fileRef = 7B0E638C237E4759007DF022 /* SceneDelegate.swift */; };
		7B0E638F237E4759007DF022 /* FriendsTableViewController.swift in Sources */ = {isa = PBXBuildFile; fileRef = 7B0E638E237E4759007DF022 /* FriendsTableViewController.swift */; };
		7B0E6392237E4759007DF022 /* Main.storyboard in Resources */ = {isa = PBXBuildFile; fileRef = 7B0E6390237E4759007DF022 /* Main.storyboard */; };
		7B0E6394237E475D007DF022 /* Assets.xcassets in Resources */ = {isa = PBXBuildFile; fileRef = 7B0E6393237E475D007DF022 /* Assets.xcassets */; };
		7B0E6397237E475D007DF022 /* LaunchScreen.storyboard in Resources */ = {isa = PBXBuildFile; fileRef = 7B0E6395237E475D007DF022 /* LaunchScreen.storyboard */; };
		7B7EF53D23862FFB003D58EC /* AddFriendViewController.swift in Sources */ = {isa = PBXBuildFile; fileRef = 7B7EF53C23862FFB003D58EC /* AddFriendViewController.swift */; };
		7B7EF53F2386301C003D58EC /* FriendDetailViewController.swift in Sources */ = {isa = PBXBuildFile; fileRef = 7B7EF53E2386301C003D58EC /* FriendDetailViewController.swift */; };
		7B7EF542238635D4003D58EC /* FriendTableViewCell.swift in Sources */ = {isa = PBXBuildFile; fileRef = 7B7EF541238635D4003D58EC /* FriendTableViewCell.swift */; };
		7B7EF54523863B44003D58EC /* Friend.swift in Sources */ = {isa = PBXBuildFile; fileRef = 7B7EF54423863B44003D58EC /* Friend.swift */; };
/* End PBXBuildFile section */

/* Begin PBXFileReference section */
		7B0E6387237E4759007DF022 /* Hobby Tracker.app */ = {isa = PBXFileReference; explicitFileType = wrapper.application; includeInIndex = 0; path = "Hobby Tracker.app"; sourceTree = BUILT_PRODUCTS_DIR; };
		7B0E638A237E4759007DF022 /* AppDelegate.swift */ = {isa = PBXFileReference; lastKnownFileType = sourcecode.swift; path = AppDelegate.swift; sourceTree = "<group>"; };
		7B0E638C237E4759007DF022 /* SceneDelegate.swift */ = {isa = PBXFileReference; lastKnownFileType = sourcecode.swift; path = SceneDelegate.swift; sourceTree = "<group>"; };
		7B0E638E237E4759007DF022 /* FriendsTableViewController.swift */ = {isa = PBXFileReference; lastKnownFileType = sourcecode.swift; path = FriendsTableViewController.swift; sourceTree = "<group>"; };
		7B0E6391237E4759007DF022 /* Base */ = {isa = PBXFileReference; lastKnownFileType = file.storyboard; name = Base; path = Base.lproj/Main.storyboard; sourceTree = "<group>"; };
		7B0E6393237E475D007DF022 /* Assets.xcassets */ = {isa = PBXFileReference; lastKnownFileType = folder.assetcatalog; path = Assets.xcassets; sourceTree = "<group>"; };
		7B0E6396237E475D007DF022 /* Base */ = {isa = PBXFileReference; lastKnownFileType = file.storyboard; name = Base; path = Base.lproj/LaunchScreen.storyboard; sourceTree = "<group>"; };
		7B0E6398237E475D007DF022 /* Info.plist */ = {isa = PBXFileReference; lastKnownFileType = text.plist.xml; path = Info.plist; sourceTree = "<group>"; };
		7B7EF53C23862FFB003D58EC /* AddFriendViewController.swift */ = {isa = PBXFileReference; lastKnownFileType = sourcecode.swift; path = AddFriendViewController.swift; sourceTree = "<group>"; };
		7B7EF53E2386301C003D58EC /* FriendDetailViewController.swift */ = {isa = PBXFileReference; lastKnownFileType = sourcecode.swift; path = FriendDetailViewController.swift; sourceTree = "<group>"; };
		7B7EF541238635D4003D58EC /* FriendTableViewCell.swift */ = {isa = PBXFileReference; lastKnownFileType = sourcecode.swift; path = FriendTableViewCell.swift; sourceTree = "<group>"; };
		7B7EF54423863B44003D58EC /* Friend.swift */ = {isa = PBXFileReference; lastKnownFileType = sourcecode.swift; path = Friend.swift; sourceTree = "<group>"; };
/* End PBXFileReference section */

/* Begin PBXFrameworksBuildPhase section */
		7B0E6384237E4759007DF022 /* Frameworks */ = {
			isa = PBXFrameworksBuildPhase;
			buildActionMask = 2147483647;
			files = (
			);
			runOnlyForDeploymentPostprocessing = 0;
		};
/* End PBXFrameworksBuildPhase section */

/* Begin PBXGroup section */
		7B0E637E237E4759007DF022 = {
			isa = PBXGroup;
			children = (
				7B0E6389237E4759007DF022 /* Hobby Tracker */,
				7B0E6388237E4759007DF022 /* Products */,
			);
			sourceTree = "<group>";
		};
		7B0E6388237E4759007DF022 /* Products */ = {
			isa = PBXGroup;
			children = (
				7B0E6387237E4759007DF022 /* Hobby Tracker.app */,
			);
			name = Products;
			sourceTree = "<group>";
		};
		7B0E6389237E4759007DF022 /* Hobby Tracker */ = {
			isa = PBXGroup;
			children = (
				7B7EF54323863B1F003D58EC /* Model */,
				7B0E638A237E4759007DF022 /* AppDelegate.swift */,
				7B0E638C237E4759007DF022 /* SceneDelegate.swift */,
				7B7EF53B23862FA1003D58EC /* View Controllers */,
				7B7EF54023863591003D58EC /* Views */,
				7B0E6393237E475D007DF022 /* Assets.xcassets */,
				7B0E6390237E4759007DF022 /* Main.storyboard */,
				7B0E6395237E475D007DF022 /* LaunchScreen.storyboard */,
				7B0E6398237E475D007DF022 /* Info.plist */,
			);
			path = "Hobby Tracker";
			sourceTree = "<group>";
		};
		7B7EF53B23862FA1003D58EC /* View Controllers */ = {
			isa = PBXGroup;
			children = (
				7B0E638E237E4759007DF022 /* FriendsTableViewController.swift */,
				7B7EF53C23862FFB003D58EC /* AddFriendViewController.swift */,
				7B7EF53E2386301C003D58EC /* FriendDetailViewController.swift */,
			);
			path = "View Controllers";
			sourceTree = "<group>";
		};
		7B7EF54023863591003D58EC /* Views */ = {
			isa = PBXGroup;
			children = (
				7B7EF541238635D4003D58EC /* FriendTableViewCell.swift */,
			);
			path = Views;
			sourceTree = "<group>";
		};
		7B7EF54323863B1F003D58EC /* Model */ = {
			isa = PBXGroup;
			children = (
				7B7EF54423863B44003D58EC /* Friend.swift */,
			);
			path = Model;
			sourceTree = "<group>";
		};
/* End PBXGroup section */

/* Begin PBXNativeTarget section */
		7B0E6386237E4759007DF022 /* Hobby Tracker */ = {
			isa = PBXNativeTarget;
			buildConfigurationList = 7B0E639B237E475D007DF022 /* Build configuration list for PBXNativeTarget "Hobby Tracker" */;
			buildPhases = (
				7B0E6383237E4759007DF022 /* Sources */,
				7B0E6384237E4759007DF022 /* Frameworks */,
				7B0E6385237E4759007DF022 /* Resources */,
			);
			buildRules = (
			);
			dependencies = (
			);
			name = "Hobby Tracker";
			productName = "Hobby Tracker";
			productReference = 7B0E6387237E4759007DF022 /* Hobby Tracker.app */;
			productType = "com.apple.product-type.application";
		};
/* End PBXNativeTarget section */

/* Begin PBXProject section */
		7B0E637F237E4759007DF022 /* Project object */ = {
			isa = PBXProject;
			attributes = {
				LastSwiftUpdateCheck = 1120;
				LastUpgradeCheck = 1120;
				ORGANIZATIONNAME = "Waseem Idelbi";
				TargetAttributes = {
					7B0E6386237E4759007DF022 = {
						CreatedOnToolsVersion = 11.2.1;
					};
				};
			};
			buildConfigurationList = 7B0E6382237E4759007DF022 /* Build configuration list for PBXProject "Hobby Tracker" */;
			compatibilityVersion = "Xcode 9.3";
			developmentRegion = en;
			hasScannedForEncodings = 0;
			knownRegions = (
				en,
				Base,
			);
			mainGroup = 7B0E637E237E4759007DF022;
			productRefGroup = 7B0E6388237E4759007DF022 /* Products */;
			projectDirPath = "";
			projectRoot = "";
			targets = (
				7B0E6386237E4759007DF022 /* Hobby Tracker */,
			);
		};
/* End PBXProject section */

/* Begin PBXResourcesBuildPhase section */
		7B0E6385237E4759007DF022 /* Resources */ = {
			isa = PBXResourcesBuildPhase;
			buildActionMask = 2147483647;
			files = (
				7B0E6397237E475D007DF022 /* LaunchScreen.storyboard in Resources */,
				7B0E6394237E475D007DF022 /* Assets.xcassets in Resources */,
				7B0E6392237E4759007DF022 /* Main.storyboard in Resources */,
			);
			runOnlyForDeploymentPostprocessing = 0;
		};
/* End PBXResourcesBuildPhase section */

/* Begin PBXSourcesBuildPhase section */
		7B0E6383237E4759007DF022 /* Sources */ = {
			isa = PBXSourcesBuildPhase;
			buildActionMask = 2147483647;
			files = (
				7B7EF53D23862FFB003D58EC /* AddFriendViewController.swift in Sources */,
				7B7EF54523863B44003D58EC /* Friend.swift in Sources */,
				7B0E638F237E4759007DF022 /* FriendsTableViewController.swift in Sources */,
				7B0E638B237E4759007DF022 /* AppDelegate.swift in Sources */,
				7B7EF542238635D4003D58EC /* FriendTableViewCell.swift in Sources */,
				7B7EF53F2386301C003D58EC /* FriendDetailViewController.swift in Sources */,
				7B0E638D237E4759007DF022 /* SceneDelegate.swift in Sources */,
			);
			runOnlyForDeploymentPostprocessing = 0;
		};
/* End PBXSourcesBuildPhase section */

/* Begin PBXVariantGroup section */
		7B0E6390237E4759007DF022 /* Main.storyboard */ = {
			isa = PBXVariantGroup;
			children = (
				7B0E6391237E4759007DF022 /* Base */,
			);
			name = Main.storyboard;
			sourceTree = "<group>";
		};
		7B0E6395237E475D007DF022 /* LaunchScreen.storyboard */ = {
			isa = PBXVariantGroup;
			children = (
				7B0E6396237E475D007DF022 /* Base */,
			);
			name = LaunchScreen.storyboard;
			sourceTree = "<group>";
		};
/* End PBXVariantGroup section */

/* Begin XCBuildConfiguration section */
		7B0E6399237E475D007DF022 /* Debug */ = {
			isa = XCBuildConfiguration;
			buildSettings = {
				ALWAYS_SEARCH_USER_PATHS = NO;
				CLANG_ANALYZER_NONNULL = YES;
				CLANG_ANALYZER_NUMBER_OBJECT_CONVERSION = YES_AGGRESSIVE;
				CLANG_CXX_LANGUAGE_STANDARD = "gnu++14";
				CLANG_CXX_LIBRARY = "libc++";
				CLANG_ENABLE_MODULES = YES;
				CLANG_ENABLE_OBJC_ARC = YES;
				CLANG_ENABLE_OBJC_WEAK = YES;
				CLANG_WARN_BLOCK_CAPTURE_AUTORELEASING = YES;
				CLANG_WARN_BOOL_CONVERSION = YES;
				CLANG_WARN_COMMA = YES;
				CLANG_WARN_CONSTANT_CONVERSION = YES;
				CLANG_WARN_DEPRECATED_OBJC_IMPLEMENTATIONS = YES;
				CLANG_WARN_DIRECT_OBJC_ISA_USAGE = YES_ERROR;
				CLANG_WARN_DOCUMENTATION_COMMENTS = YES;
				CLANG_WARN_EMPTY_BODY = YES;
				CLANG_WARN_ENUM_CONVERSION = YES;
				CLANG_WARN_INFINITE_RECURSION = YES;
				CLANG_WARN_INT_CONVERSION = YES;
				CLANG_WARN_NON_LITERAL_NULL_CONVERSION = YES;
				CLANG_WARN_OBJC_IMPLICIT_RETAIN_SELF = YES;
				CLANG_WARN_OBJC_LITERAL_CONVERSION = YES;
				CLANG_WARN_OBJC_ROOT_CLASS = YES_ERROR;
				CLANG_WARN_RANGE_LOOP_ANALYSIS = YES;
				CLANG_WARN_STRICT_PROTOTYPES = YES;
				CLANG_WARN_SUSPICIOUS_MOVE = YES;
				CLANG_WARN_UNGUARDED_AVAILABILITY = YES_AGGRESSIVE;
				CLANG_WARN_UNREACHABLE_CODE = YES;
				CLANG_WARN__DUPLICATE_METHOD_MATCH = YES;
				COPY_PHASE_STRIP = NO;
				DEBUG_INFORMATION_FORMAT = dwarf;
				ENABLE_STRICT_OBJC_MSGSEND = YES;
				ENABLE_TESTABILITY = YES;
				GCC_C_LANGUAGE_STANDARD = gnu11;
				GCC_DYNAMIC_NO_PIC = NO;
				GCC_NO_COMMON_BLOCKS = YES;
				GCC_OPTIMIZATION_LEVEL = 0;
				GCC_PREPROCESSOR_DEFINITIONS = (
					"DEBUG=1",
					"$(inherited)",
				);
				GCC_WARN_64_TO_32_BIT_CONVERSION = YES;
				GCC_WARN_ABOUT_RETURN_TYPE = YES_ERROR;
				GCC_WARN_UNDECLARED_SELECTOR = YES;
				GCC_WARN_UNINITIALIZED_AUTOS = YES_AGGRESSIVE;
				GCC_WARN_UNUSED_FUNCTION = YES;
				GCC_WARN_UNUSED_VARIABLE = YES;
				IPHONEOS_DEPLOYMENT_TARGET = 13.2;
				MTL_ENABLE_DEBUG_INFO = INCLUDE_SOURCE;
				MTL_FAST_MATH = YES;
				ONLY_ACTIVE_ARCH = YES;
				SDKROOT = iphoneos;
				SWIFT_ACTIVE_COMPILATION_CONDITIONS = DEBUG;
				SWIFT_OPTIMIZATION_LEVEL = "-Onone";
			};
			name = Debug;
		};
		7B0E639A237E475D007DF022 /* Release */ = {
			isa = XCBuildConfiguration;
			buildSettings = {
				ALWAYS_SEARCH_USER_PATHS = NO;
				CLANG_ANALYZER_NONNULL = YES;
				CLANG_ANALYZER_NUMBER_OBJECT_CONVERSION = YES_AGGRESSIVE;
				CLANG_CXX_LANGUAGE_STANDARD = "gnu++14";
				CLANG_CXX_LIBRARY = "libc++";
				CLANG_ENABLE_MODULES = YES;
				CLANG_ENABLE_OBJC_ARC = YES;
				CLANG_ENABLE_OBJC_WEAK = YES;
				CLANG_WARN_BLOCK_CAPTURE_AUTORELEASING = YES;
				CLANG_WARN_BOOL_CONVERSION = YES;
				CLANG_WARN_COMMA = YES;
				CLANG_WARN_CONSTANT_CONVERSION = YES;
				CLANG_WARN_DEPRECATED_OBJC_IMPLEMENTATIONS = YES;
				CLANG_WARN_DIRECT_OBJC_ISA_USAGE = YES_ERROR;
				CLANG_WARN_DOCUMENTATION_COMMENTS = YES;
				CLANG_WARN_EMPTY_BODY = YES;
				CLANG_WARN_ENUM_CONVERSION = YES;
				CLANG_WARN_INFINITE_RECURSION = YES;
				CLANG_WARN_INT_CONVERSION = YES;
				CLANG_WARN_NON_LITERAL_NULL_CONVERSION = YES;
				CLANG_WARN_OBJC_IMPLICIT_RETAIN_SELF = YES;
				CLANG_WARN_OBJC_LITERAL_CONVERSION = YES;
				CLANG_WARN_OBJC_ROOT_CLASS = YES_ERROR;
				CLANG_WARN_RANGE_LOOP_ANALYSIS = YES;
				CLANG_WARN_STRICT_PROTOTYPES = YES;
				CLANG_WARN_SUSPICIOUS_MOVE = YES;
				CLANG_WARN_UNGUARDED_AVAILABILITY = YES_AGGRESSIVE;
				CLANG_WARN_UNREACHABLE_CODE = YES;
				CLANG_WARN__DUPLICATE_METHOD_MATCH = YES;
				COPY_PHASE_STRIP = NO;
				DEBUG_INFORMATION_FORMAT = "dwarf-with-dsym";
				ENABLE_NS_ASSERTIONS = NO;
				ENABLE_STRICT_OBJC_MSGSEND = YES;
				GCC_C_LANGUAGE_STANDARD = gnu11;
				GCC_NO_COMMON_BLOCKS = YES;
				GCC_WARN_64_TO_32_BIT_CONVERSION = YES;
				GCC_WARN_ABOUT_RETURN_TYPE = YES_ERROR;
				GCC_WARN_UNDECLARED_SELECTOR = YES;
				GCC_WARN_UNINITIALIZED_AUTOS = YES_AGGRESSIVE;
				GCC_WARN_UNUSED_FUNCTION = YES;
				GCC_WARN_UNUSED_VARIABLE = YES;
				IPHONEOS_DEPLOYMENT_TARGET = 13.2;
				MTL_ENABLE_DEBUG_INFO = NO;
				MTL_FAST_MATH = YES;
				SDKROOT = iphoneos;
				SWIFT_COMPILATION_MODE = wholemodule;
				SWIFT_OPTIMIZATION_LEVEL = "-O";
				VALIDATE_PRODUCT = YES;
			};
			name = Release;
		};
		7B0E639C237E475D007DF022 /* Debug */ = {
			isa = XCBuildConfiguration;
			buildSettings = {
				ASSETCATALOG_COMPILER_APPICON_NAME = AppIcon;
				CODE_SIGN_STYLE = Automatic;
				INFOPLIST_FILE = "Hobby Tracker/Info.plist";
				LD_RUNPATH_SEARCH_PATHS = (
					"$(inherited)",
					"@executable_path/Frameworks",
				);
				PRODUCT_BUNDLE_IDENTIFIER = "com.idelbiw.Hobby-Tracker";
				PRODUCT_NAME = "$(TARGET_NAME)";
				SWIFT_VERSION = 5.0;
				TARGETED_DEVICE_FAMILY = "1,2";
			};
			name = Debug;
		};
		7B0E639D237E475D007DF022 /* Release */ = {
			isa = XCBuildConfiguration;
			buildSettings = {
				ASSETCATALOG_COMPILER_APPICON_NAME = AppIcon;
				CODE_SIGN_STYLE = Automatic;
				INFOPLIST_FILE = "Hobby Tracker/Info.plist";
				LD_RUNPATH_SEARCH_PATHS = (
					"$(inherited)",
					"@executable_path/Frameworks",
				);
				PRODUCT_BUNDLE_IDENTIFIER = "com.idelbiw.Hobby-Tracker";
				PRODUCT_NAME = "$(TARGET_NAME)";
				SWIFT_VERSION = 5.0;
				TARGETED_DEVICE_FAMILY = "1,2";
			};
			name = Release;
		};
/* End XCBuildConfiguration section */

/* Begin XCConfigurationList section */
		7B0E6382237E4759007DF022 /* Build configuration list for PBXProject "Hobby Tracker" */ = {
			isa = XCConfigurationList;
			buildConfigurations = (
				7B0E6399237E475D007DF022 /* Debug */,
				7B0E639A237E475D007DF022 /* Release */,
			);
			defaultConfigurationIsVisible = 0;
			defaultConfigurationName = Release;
		};
		7B0E639B237E475D007DF022 /* Build configuration list for PBXNativeTarget "Hobby Tracker" */ = {
			isa = XCConfigurationList;
			buildConfigurations = (
				7B0E639C237E475D007DF022 /* Debug */,
				7B0E639D237E475D007DF022 /* Release */,
			);
			defaultConfigurationIsVisible = 0;
			defaultConfigurationName = Release;
		};
/* End XCConfigurationList section */
	};
	rootObject = 7B0E637F237E4759007DF022 /* Project object */;
}
